
Microsoft Visual Studio Solution File, Format Version 12.00
# Visual Studio Version 16
VisualStudioVersion = 16.0.30002.166
MinimumVisualStudioVersion = 10.0.40219.1
Project("{FAE04EC0-301F-11D3-BF4B-00C04F79EFBC}") = "Ceremony", "Ceremony\Ceremony.csproj", "{236C4F86-C8B1-4D01-ADA9-958E3714256A}"
EndProject
Global
	GlobalSection(SolutionConfigurationPlatforms) = preSolution
		Debug|Any CPU = Debug|Any CPU
		Release|Any CPU = Release|Any CPU
	EndGlobalSection
	GlobalSection(ProjectConfigurationPlatforms) = postSolution
		{236C4F86-C8B1-4D01-ADA9-958E3714256A}.Debug|Any CPU.ActiveCfg = Debug|Any CPU
		{236C4F86-C8B1-4D01-ADA9-958E3714256A}.Debug|Any CPU.Build.0 = Debug|Any CPU
		{236C4F86-C8B1-4D01-ADA9-958E3714256A}.Release|Any CPU.ActiveCfg = Release|Any CPU
		{236C4F86-C8B1-4D01-ADA9-958E3714256A}.Release|Any CPU.Build.0 = Release|Any CPU
	EndGlobalSection
	GlobalSection(SolutionProperties) = preSolution
		HideSolutionNode = FALSE
	EndGlobalSection
	GlobalSection(ExtensibilityGlobals) = postSolution
		SolutionGuid = {AB0EC0C0-E1F4-4529-BF8F-A63DB00F6D29}
	EndGlobalSection
EndGlobal
